
Microsoft Visual Studio Solution File, Format Version 12.00
# Visual Studio 15
VisualStudioVersion = 15.0.26124.0
MinimumVisualStudioVersion = 15.0.26124.0
Project("{FAE04EC0-301F-11D3-BF4B-00C04F79EFBC}") = "Nemandi.PluginBase", "Nemandi.PluginBase\Nemandi.PluginBase.csproj", "{F1566A3D-AD91-47F1-9DDF-B11FDAE6CA36}"
EndProject
Project("{FAE04EC0-301F-11D3-BF4B-00C04F79EFBC}") = "Nemandi.Core", "Nemandi.Core\Nemandi.Core.csproj", "{75AAB576-5213-4A2B-9D2E-2B2AFB848661}"
EndProject
Project("{2150E333-8FDC-42A3-9474-1A3956D46DE8}") = "Nemandi.Plugins", "Nemandi.Plugins", "{9F0DC759-6C79-42EC-B8B6-93B21F4AE699}"
EndProject
Project("{FAE04EC0-301F-11D3-BF4B-00C04F79EFBC}") = "Nemandi.Plugins.MojiJisho", "Nemandi.Plugins\Nemandi.Plugins.MojiJisho\Nemandi.Plugins.MojiJisho.csproj", "{EE1C6842-4CA0-4317-9F2D-6B0EADF86A9D}"
EndProject
Project("{FAE04EC0-301F-11D3-BF4B-00C04F79EFBC}") = "Nemandi.Plugins.OxfordLearnersDict", "Nemandi.Plugins\Nemandi.Plugins.OxfordLearnersDict\Nemandi.Plugins.OxfordLearnersDict.csproj", "{F4EE596A-EA7E-4B79-82B2-9229EFD06C59}"
EndProject
Project("{FAE04EC0-301F-11D3-BF4B-00C04F79EFBC}") = "Nemandi.Infrastructure", "Nemandi.Infrastructure\Nemandi.Infrastructure.csproj", "{08455047-AD74-4335-8A07-8551497A43E1}"
EndProject
Project("{FAE04EC0-301F-11D3-BF4B-00C04F79EFBC}") = "Nemandi.Plugins.CambridgeDict", "Nemandi.Plugins\Nemandi.Plugins.CambridgeDict\Nemandi.Plugins.CambridgeDict.csproj", "{7DB02E22-F580-4D58-8FCF-8CE574932D8D}"
EndProject
Project("{FAE04EC0-301F-11D3-BF4B-00C04F79EFBC}") = "Nemandi.Test", "Nemandi.Test\Nemandi.Test.csproj", "{191E828A-9E2A-4F6B-AC96-AD569F9DD6FC}"
EndProject
Global
	GlobalSection(SolutionConfigurationPlatforms) = preSolution
		Debug|Any CPU = Debug|Any CPU
		Debug|x64 = Debug|x64
		Debug|x86 = Debug|x86
		Release|Any CPU = Release|Any CPU
		Release|x64 = Release|x64
		Release|x86 = Release|x86
	EndGlobalSection
	GlobalSection(SolutionProperties) = preSolution
		HideSolutionNode = FALSE
	EndGlobalSection
	GlobalSection(ProjectConfigurationPlatforms) = postSolution
		{F1566A3D-AD91-47F1-9DDF-B11FDAE6CA36}.Debug|Any CPU.ActiveCfg = Debug|Any CPU
		{F1566A3D-AD91-47F1-9DDF-B11FDAE6CA36}.Debug|Any CPU.Build.0 = Debug|Any CPU
		{F1566A3D-AD91-47F1-9DDF-B11FDAE6CA36}.Debug|x64.ActiveCfg = Debug|Any CPU
		{F1566A3D-AD91-47F1-9DDF-B11FDAE6CA36}.Debug|x64.Build.0 = Debug|Any CPU
		{F1566A3D-AD91-47F1-9DDF-B11FDAE6CA36}.Debug|x86.ActiveCfg = Debug|Any CPU
		{F1566A3D-AD91-47F1-9DDF-B11FDAE6CA36}.Debug|x86.Build.0 = Debug|Any CPU
		{F1566A3D-AD91-47F1-9DDF-B11FDAE6CA36}.Release|Any CPU.ActiveCfg = Release|Any CPU
		{F1566A3D-AD91-47F1-9DDF-B11FDAE6CA36}.Release|Any CPU.Build.0 = Release|Any CPU
		{F1566A3D-AD91-47F1-9DDF-B11FDAE6CA36}.Release|x64.ActiveCfg = Release|Any CPU
		{F1566A3D-AD91-47F1-9DDF-B11FDAE6CA36}.Release|x64.Build.0 = Release|Any CPU
		{F1566A3D-AD91-47F1-9DDF-B11FDAE6CA36}.Release|x86.ActiveCfg = Release|Any CPU
		{F1566A3D-AD91-47F1-9DDF-B11FDAE6CA36}.Release|x86.Build.0 = Release|Any CPU
		{75AAB576-5213-4A2B-9D2E-2B2AFB848661}.Debug|Any CPU.ActiveCfg = Debug|Any CPU
		{75AAB576-5213-4A2B-9D2E-2B2AFB848661}.Debug|Any CPU.Build.0 = Debug|Any CPU
		{75AAB576-5213-4A2B-9D2E-2B2AFB848661}.Debug|x64.ActiveCfg = Debug|Any CPU
		{75AAB576-5213-4A2B-9D2E-2B2AFB848661}.Debug|x64.Build.0 = Debug|Any CPU
		{75AAB576-5213-4A2B-9D2E-2B2AFB848661}.Debug|x86.ActiveCfg = Debug|Any CPU
		{75AAB576-5213-4A2B-9D2E-2B2AFB848661}.Debug|x86.Build.0 = Debug|Any CPU
		{75AAB576-5213-4A2B-9D2E-2B2AFB848661}.Release|Any CPU.ActiveCfg = Release|Any CPU
		{75AAB576-5213-4A2B-9D2E-2B2AFB848661}.Release|Any CPU.Build.0 = Release|Any CPU
		{75AAB576-5213-4A2B-9D2E-2B2AFB848661}.Release|x64.ActiveCfg = Release|Any CPU
		{75AAB576-5213-4A2B-9D2E-2B2AFB848661}.Release|x64.Build.0 = Release|Any CPU
		{75AAB576-5213-4A2B-9D2E-2B2AFB848661}.Release|x86.ActiveCfg = Release|Any CPU
		{75AAB576-5213-4A2B-9D2E-2B2AFB848661}.Release|x86.Build.0 = Release|Any CPU
		{EE1C6842-4CA0-4317-9F2D-6B0EADF86A9D}.Debug|Any CPU.ActiveCfg = Debug|Any CPU
		{EE1C6842-4CA0-4317-9F2D-6B0EADF86A9D}.Debug|Any CPU.Build.0 = Debug|Any CPU
		{EE1C6842-4CA0-4317-9F2D-6B0EADF86A9D}.Debug|x64.ActiveCfg = Debug|Any CPU
		{EE1C6842-4CA0-4317-9F2D-6B0EADF86A9D}.Debug|x64.Build.0 = Debug|Any CPU
		{EE1C6842-4CA0-4317-9F2D-6B0EADF86A9D}.Debug|x86.ActiveCfg = Debug|Any CPU
		{EE1C6842-4CA0-4317-9F2D-6B0EADF86A9D}.Debug|x86.Build.0 = Debug|Any CPU
		{EE1C6842-4CA0-4317-9F2D-6B0EADF86A9D}.Release|Any CPU.ActiveCfg = Release|Any CPU
		{EE1C6842-4CA0-4317-9F2D-6B0EADF86A9D}.Release|Any CPU.Build.0 = Release|Any CPU
		{EE1C6842-4CA0-4317-9F2D-6B0EADF86A9D}.Release|x64.ActiveCfg = Release|Any CPU
		{EE1C6842-4CA0-4317-9F2D-6B0EADF86A9D}.Release|x64.Build.0 = Release|Any CPU
		{EE1C6842-4CA0-4317-9F2D-6B0EADF86A9D}.Release|x86.ActiveCfg = Release|Any CPU
		{EE1C6842-4CA0-4317-9F2D-6B0EADF86A9D}.Release|x86.Build.0 = Release|Any CPU
		{F4EE596A-EA7E-4B79-82B2-9229EFD06C59}.Debug|Any CPU.ActiveCfg = Debug|Any CPU
		{F4EE596A-EA7E-4B79-82B2-9229EFD06C59}.Debug|Any CPU.Build.0 = Debug|Any CPU
		{F4EE596A-EA7E-4B79-82B2-9229EFD06C59}.Debug|x64.ActiveCfg = Debug|Any CPU
		{F4EE596A-EA7E-4B79-82B2-9229EFD06C59}.Debug|x64.Build.0 = Debug|Any CPU
		{F4EE596A-EA7E-4B79-82B2-9229EFD06C59}.Debug|x86.ActiveCfg = Debug|Any CPU
		{F4EE596A-EA7E-4B79-82B2-9229EFD06C59}.Debug|x86.Build.0 = Debug|Any CPU
		{F4EE596A-EA7E-4B79-82B2-9229EFD06C59}.Release|Any CPU.ActiveCfg = Release|Any CPU
		{F4EE596A-EA7E-4B79-82B2-9229EFD06C59}.Release|Any CPU.Build.0 = Release|Any CPU
		{F4EE596A-EA7E-4B79-82B2-9229EFD06C59}.Release|x64.ActiveCfg = Release|Any CPU
		{F4EE596A-EA7E-4B79-82B2-9229EFD06C59}.Release|x64.Build.0 = Release|Any CPU
		{F4EE596A-EA7E-4B79-82B2-9229EFD06C59}.Release|x86.ActiveCfg = Release|Any CPU
		{F4EE596A-EA7E-4B79-82B2-9229EFD06C59}.Release|x86.Build.0 = Release|Any CPU
		{08455047-AD74-4335-8A07-8551497A43E1}.Debug|Any CPU.ActiveCfg = Debug|Any CPU
		{08455047-AD74-4335-8A07-8551497A43E1}.Debug|Any CPU.Build.0 = Debug|Any CPU
		{08455047-AD74-4335-8A07-8551497A43E1}.Debug|x64.ActiveCfg = Debug|Any CPU
		{08455047-AD74-4335-8A07-8551497A43E1}.Debug|x64.Build.0 = Debug|Any CPU
		{08455047-AD74-4335-8A07-8551497A43E1}.Debug|x86.ActiveCfg = Debug|Any CPU
		{08455047-AD74-4335-8A07-8551497A43E1}.Debug|x86.Build.0 = Debug|Any CPU
		{08455047-AD74-4335-8A07-8551497A43E1}.Release|Any CPU.ActiveCfg = Release|Any CPU
		{08455047-AD74-4335-8A07-8551497A43E1}.Release|Any CPU.Build.0 = Release|Any CPU
		{08455047-AD74-4335-8A07-8551497A43E1}.Release|x64.ActiveCfg = Release|Any CPU
		{08455047-AD74-4335-8A07-8551497A43E1}.Release|x64.Build.0 = Release|Any CPU
		{08455047-AD74-4335-8A07-8551497A43E1}.Release|x86.ActiveCfg = Release|Any CPU
		{08455047-AD74-4335-8A07-8551497A43E1}.Release|x86.Build.0 = Release|Any CPU
		{7DB02E22-F580-4D58-8FCF-8CE574932D8D}.Debug|Any CPU.ActiveCfg = Debug|Any CPU
		{7DB02E22-F580-4D58-8FCF-8CE574932D8D}.Debug|Any CPU.Build.0 = Debug|Any CPU
		{7DB02E22-F580-4D58-8FCF-8CE574932D8D}.Debug|x64.ActiveCfg = Debug|Any CPU
		{7DB02E22-F580-4D58-8FCF-8CE574932D8D}.Debug|x64.Build.0 = Debug|Any CPU
		{7DB02E22-F580-4D58-8FCF-8CE574932D8D}.Debug|x86.ActiveCfg = Debug|Any CPU
		{7DB02E22-F580-4D58-8FCF-8CE574932D8D}.Debug|x86.Build.0 = Debug|Any CPU
		{7DB02E22-F580-4D58-8FCF-8CE574932D8D}.Release|Any CPU.ActiveCfg = Release|Any CPU
		{7DB02E22-F580-4D58-8FCF-8CE574932D8D}.Release|Any CPU.Build.0 = Release|Any CPU
		{7DB02E22-F580-4D58-8FCF-8CE574932D8D}.Release|x64.ActiveCfg = Release|Any CPU
		{7DB02E22-F580-4D58-8FCF-8CE574932D8D}.Release|x64.Build.0 = Release|Any CPU
		{7DB02E22-F580-4D58-8FCF-8CE574932D8D}.Release|x86.ActiveCfg = Release|Any CPU
		{7DB02E22-F580-4D58-8FCF-8CE574932D8D}.Release|x86.Build.0 = Release|Any CPU
		{191E828A-9E2A-4F6B-AC96-AD569F9DD6FC}.Debug|Any CPU.ActiveCfg = Debug|Any CPU
		{191E828A-9E2A-4F6B-AC96-AD569F9DD6FC}.Debug|Any CPU.Build.0 = Debug|Any CPU
		{191E828A-9E2A-4F6B-AC96-AD569F9DD6FC}.Debug|x64.ActiveCfg = Debug|Any CPU
		{191E828A-9E2A-4F6B-AC96-AD569F9DD6FC}.Debug|x64.Build.0 = Debug|Any CPU
		{191E828A-9E2A-4F6B-AC96-AD569F9DD6FC}.Debug|x86.ActiveCfg = Debug|Any CPU
		{191E828A-9E2A-4F6B-AC96-AD569F9DD6FC}.Debug|x86.Build.0 = Debug|Any CPU
		{191E828A-9E2A-4F6B-AC96-AD569F9DD6FC}.Release|Any CPU.ActiveCfg = Release|Any CPU
		{191E828A-9E2A-4F6B-AC96-AD569F9DD6FC}.Release|Any CPU.Build.0 = Release|Any CPU
		{191E828A-9E2A-4F6B-AC96-AD569F9DD6FC}.Release|x64.ActiveCfg = Release|Any CPU
		{191E828A-9E2A-4F6B-AC96-AD569F9DD6FC}.Release|x64.Build.0 = Release|Any CPU
		{191E828A-9E2A-4F6B-AC96-AD569F9DD6FC}.Release|x86.ActiveCfg = Release|Any CPU
		{191E828A-9E2A-4F6B-AC96-AD569F9DD6FC}.Release|x86.Build.0 = Release|Any CPU
	EndGlobalSection
	GlobalSection(NestedProjects) = preSolution
		{EE1C6842-4CA0-4317-9F2D-6B0EADF86A9D} = {9F0DC759-6C79-42EC-B8B6-93B21F4AE699}
		{F4EE596A-EA7E-4B79-82B2-9229EFD06C59} = {9F0DC759-6C79-42EC-B8B6-93B21F4AE699}
		{7DB02E22-F580-4D58-8FCF-8CE574932D8D} = {9F0DC759-6C79-42EC-B8B6-93B21F4AE699}
	EndGlobalSection
EndGlobal
